lockVersion: 2.0.0
id: 75084268-f421-4ea6-8995-12fee2bcfd75
management:
  docChecksum: 3421b267db90c24a6b62d0b3559978bc
  docVersion: 0.1.0
  speakeasyVersion: 1.277.8
  generationVersion: 2.319.10
  releaseVersion: 0.4.1
  configChecksum: a4398f59b33ccff46fae5ce6055bde2f
  repoURL: https://github.com/inkeep/ai-api-go.git
  repoSubDirectory: .
  installationURL: https://github.com/inkeep/ai-api-go
  published: true
features:
  go:
    acceptHeaders: 2.81.2
    constsAndDefaults: 0.1.4
    core: 3.4.7
    flattening: 2.81.1
    globalSecurity: 2.82.9
    globalServerURLs: 2.82.2
    responseFormat: 0.1.0
    serverEvents: 0.1.2
    unions: 2.85.4
generatedFiles:
  - chatsession.go
  - chatapigo.go
  - go.mod
  - models/sdkerrors/sdkerror.go
  - types/bigint.go
  - types/date.go
  - types/datetime.go
  - types/decimal.go
  - types/pointers.go
  - types/stream/stream.go
  - internal/utils/contenttype.go
  - internal/utils/form.go
  - internal/utils/headers.go
  - internal/utils/json.go
  - internal/utils/pathparams.go
  - internal/utils/queryparams.go
  - internal/utils/requestbody.go
  - internal/utils/retries.go
  - internal/utils/security.go
  - internal/utils/utils.go
  - /models/operations/create.go
  - /models/operations/continue.go
  - /models/components/chatresultstream.go
  - /models/components/chatresultmessagechunkevent.go
  - /models/components/messagechunk.go
  - /models/components/chatresultrecordscitedevent.go
  - /models/components/recordscited.go
  - /models/components/citation.go
  - /models/components/record.go
  - /models/components/recordtype.go
  - /models/components/chatresult.go
  - /models/components/assistantmessage.go
  - /models/components/validationerror.go
  - /models/components/createchatsessionwithchatresultinput.go
  - /models/components/chatsessioninput.go
  - /models/components/message.go
  - /models/components/usermessage.go
  - /models/components/continuechatsessionwithchatresultinput.go
  - /models/components/security.go
  - /models/sdkerrors/httpvalidationerror.go
  - docs/models/operations/createresponse.md
  - docs/models/operations/continuerequest.md
  - docs/models/operations/continueresponse.md
  - docs/models/components/chatresultstream.md
  - docs/models/components/chatresultmessagechunkevent.md
  - docs/models/components/four.md
  - docs/models/components/messagechunk.md
  - docs/models/components/chatresultrecordscitedevent.md
  - docs/models/components/recordscited.md
  - docs/models/components/citation.md
  - docs/models/components/record.md
  - docs/models/components/recordtypeenumerated.md
  - docs/models/components/recordtype.md
  - docs/models/components/chatresult.md
  - docs/models/components/assistantmessage.md
  - docs/models/components/loc.md
  - docs/models/components/validationerror.md
  - docs/models/components/chatmodeoptions.md
  - docs/models/components/chatmode.md
  - docs/models/components/createchatsessionwithchatresultinput.md
  - docs/models/components/chatsessioninput.md
  - docs/models/components/message.md
  - docs/models/components/usermessage.md
  - docs/models/components/continuechatsessionwithchatresultinput.md
  - docs/models/components/security.md
  - docs/models/sdkerrors/httpvalidationerror.md
  - docs/sdks/chatapigo/README.md
  - docs/sdks/chatsession/README.md
  - USAGE.md
  - models/operations/options.go
  - .gitattributes
  - internal/hooks/hooks.go
