speakeasyVersion: 1.402.12
sources:
    my-source:
        sourceNamespace: my-source
        sourceRevisionDigest: sha256:4ac08282c8bea199e7c26b0c11cb249055bd482b5e9ac7009bfb43a633a8c561
        sourceBlobDigest: sha256:3ef2e80cf1cc177b9842d6f65b87d8ee08a6219346d5c8d4a992c53129dfdafe
        tags:
            - latest
            - main
targets:
    ai-api:
        source: my-source
        sourceNamespace: my-source
        sourceRevisionDigest: sha256:4ac08282c8bea199e7c26b0c11cb249055bd482b5e9ac7009bfb43a633a8c561
        sourceBlobDigest: sha256:3ef2e80cf1cc177b9842d6f65b87d8ee08a6219346d5c8d4a992c53129dfdafe
workflow:
    workflowVersion: 1.0.0
    speakeasyVersion: latest
    sources:
        my-source:
            inputs:
                - location: https://raw.githubusercontent.com/inkeep/chat-api-openapi-schema/main/openapi.yaml
            registry:
                location: registry.speakeasyapi.dev/inkeep/inkeep/my-source
    targets:
        ai-api:
            target: go
            source: my-source
